// !$*UTF8*$!
{
	archiveVersion = 1;
	classes = {
	};
	objectVersion = 56;
	objects = {

/* Begin PBXBuildFile section */
		4BEB9DBA2BFC3ED9003154C9 /* ChatAppApp.swift in Sources */ = {isa = PBXBuildFile; fileRef = 4BEB9DB92BFC3ED9003154C9 /* ChatAppApp.swift */; };
		4BEB9DBC2BFC3ED9003154C9 /* AuthView.swift in Sources */ = {isa = PBXBuildFile; fileRef = 4BEB9DBB2BFC3ED9003154C9 /* AuthView.swift */; };
		4BEB9DBE2BFC3EDA003154C9 /* Assets.xcassets in Resources */ = {isa = PBXBuildFile; fileRef = 4BEB9DBD2BFC3EDA003154C9 /* Assets.xcassets */; };
		4BEB9DC12BFC3EDA003154C9 /* Preview Assets.xcassets in Resources */ = {isa = PBXBuildFile; fileRef = 4BEB9DC02BFC3EDA003154C9 /* Preview Assets.xcassets */; };
		4BEB9DC82BFC413A003154C9 /* LoginView.swift in Sources */ = {isa = PBXBuildFile; fileRef = 4BEB9DC72BFC413A003154C9 /* LoginView.swift */; };
		4BEB9DCA2BFC414C003154C9 /* CreateAccountView.swift in Sources */ = {isa = PBXBuildFile; fileRef = 4BEB9DC92BFC414C003154C9 /* CreateAccountView.swift */; };
		4BEB9DD22BFC5CFE003154C9 /* AuthViewModel.swift in Sources */ = {isa = PBXBuildFile; fileRef = 4BEB9DD12BFC5CFE003154C9 /* AuthViewModel.swift */; };
		4BEB9DD52BFC5FA9003154C9 /* FirebaseAuth in Frameworks */ = {isa = PBXBuildFile; productRef = 4BEB9DD42BFC5FA9003154C9 /* FirebaseAuth */; };
		4BEB9DD72BFC5FA9003154C9 /* FirebaseStorage in Frameworks */ = {isa = PBXBuildFile; productRef = 4BEB9DD62BFC5FA9003154C9 /* FirebaseStorage */; };
		4BEB9DD92BFC6015003154C9 /* GoogleService-Info.plist in Resources */ = {isa = PBXBuildFile; fileRef = 4BEB9DD82BFC6015003154C9 /* GoogleService-Info.plist */; };
		4BEB9DDB2BFC62F3003154C9 /* FirebaseAuth.swift in Sources */ = {isa = PBXBuildFile; fileRef = 4BEB9DDA2BFC62F3003154C9 /* FirebaseAuth.swift */; };
/* End PBXBuildFile section */

/* Begin PBXFileReference section */
		4BEB9DB62BFC3ED9003154C9 /* ChatApp.app */ = {isa = PBXFileReference; explicitFileType = wrapper.application; includeInIndex = 0; path = ChatApp.app; sourceTree = BUILT_PRODUCTS_DIR; };
		4BEB9DB92BFC3ED9003154C9 /* ChatAppApp.swift */ = {isa = PBXFileReference; lastKnownFileType = sourcecode.swift; path = ChatAppApp.swift; sourceTree = "<group>"; };
		4BEB9DBB2BFC3ED9003154C9 /* AuthView.swift */ = {isa = PBXFileReference; lastKnownFileType = sourcecode.swift; path = AuthView.swift; sourceTree = "<group>"; };
		4BEB9DBD2BFC3EDA003154C9 /* Assets.xcassets */ = {isa = PBXFileReference; lastKnownFileType = folder.assetcatalog; path = Assets.xcassets; sourceTree = "<group>"; };
		4BEB9DC02BFC3EDA003154C9 /* Preview Assets.xcassets */ = {isa = PBXFileReference; lastKnownFileType = folder.assetcatalog; path = "Preview Assets.xcassets"; sourceTree = "<group>"; };
		4BEB9DC72BFC413A003154C9 /* LoginView.swift */ = {isa = PBXFileReference; lastKnownFileType = sourcecode.swift; path = LoginView.swift; sourceTree = "<group>"; };
		4BEB9DC92BFC414C003154C9 /* CreateAccountView.swift */ = {isa = PBXFileReference; lastKnownFileType = sourcecode.swift; path = CreateAccountView.swift; sourceTree = "<group>"; };
		4BEB9DD12BFC5CFE003154C9 /* AuthViewModel.swift */ = {isa = PBXFileReference; fileEncoding = 4; lastKnownFileType = sourcecode.swift; path = AuthViewModel.swift; sourceTree = "<group>"; };
		4BEB9DD82BFC6015003154C9 /* GoogleService-Info.plist */ = {isa = PBXFileReference; fileEncoding = 4; lastKnownFileType = text.plist.xml; path = "GoogleService-Info.plist"; sourceTree = "<group>"; };
		4BEB9DDA2BFC62F3003154C9 /* FirebaseAuth.swift */ = {isa = PBXFileReference; lastKnownFileType = sourcecode.swift; path = FirebaseAuth.swift; sourceTree = "<group>"; };
/* End PBXFileReference section */

/* Begin PBXFrameworksBuildPhase section */
		4BEB9DB32BFC3ED8003154C9 /* Frameworks */ = {
			isa = PBXFrameworksBuildPhase;
			buildActionMask = 2147483647;
			files = (
				4BEB9DD52BFC5FA9003154C9 /* FirebaseAuth in Frameworks */,
				4BEB9DD72BFC5FA9003154C9 /* FirebaseStorage in Frameworks */,
			);
			runOnlyForDeploymentPostprocessing = 0;
		};
/* End PBXFrameworksBuildPhase section */

/* Begin PBXGroup section */
		4BEB9DAD2BFC3ED8003154C9 = {
			isa = PBXGroup;
			children = (
				4BEB9DB82BFC3ED9003154C9 /* ChatApp */,
				4BEB9DB72BFC3ED9003154C9 /* Products */,
			);
			sourceTree = "<group>";
		};
		4BEB9DB72BFC3ED9003154C9 /* Products */ = {
			isa = PBXGroup;
			children = (
				4BEB9DB62BFC3ED9003154C9 /* ChatApp.app */,
			);
			name = Products;
			sourceTree = "<group>";
		};
		4BEB9DB82BFC3ED9003154C9 /* ChatApp */ = {
			isa = PBXGroup;
			children = (
				4BEB9DCB2BFC477D003154C9 /* View */,
				4BEB9DCC2BFC4AA2003154C9 /* View Model */,
				4BEB9DB92BFC3ED9003154C9 /* ChatAppApp.swift */,
				4BEB9DD82BFC6015003154C9 /* GoogleService-Info.plist */,
				4BEB9DBD2BFC3EDA003154C9 /* Assets.xcassets */,
				4BEB9DBF2BFC3EDA003154C9 /* Preview Content */,
			);
			path = ChatApp;
			sourceTree = "<group>";
		};
		4BEB9DBF2BFC3EDA003154C9 /* Preview Content */ = {
			isa = PBXGroup;
			children = (
				4BEB9DC02BFC3EDA003154C9 /* Preview Assets.xcassets */,
			);
			path = "Preview Content";
			sourceTree = "<group>";
		};
		4BEB9DCB2BFC477D003154C9 /* View */ = {
			isa = PBXGroup;
			children = (
				4BEB9DD02BFC5CB5003154C9 /* Auth */,
			);
			path = View;
			sourceTree = "<group>";
		};
		4BEB9DCC2BFC4AA2003154C9 /* View Model */ = {
			isa = PBXGroup;
			children = (
				4BEB9DD12BFC5CFE003154C9 /* AuthViewModel.swift */,
				4BEB9DDA2BFC62F3003154C9 /* FirebaseAuth.swift */,
			);
			path = "View Model";
			sourceTree = "<group>";
		};
		4BEB9DD02BFC5CB5003154C9 /* Auth */ = {
			isa = PBXGroup;
			children = (
				4BEB9DBB2BFC3ED9003154C9 /* AuthView.swift */,
				4BEB9DC72BFC413A003154C9 /* LoginView.swift */,
				4BEB9DC92BFC414C003154C9 /* CreateAccountView.swift */,
			);
			path = Auth;
			sourceTree = "<group>";
		};
/* End PBXGroup section */

/* Begin PBXNativeTarget section */
		4BEB9DB52BFC3ED8003154C9 /* ChatApp */ = {
			isa = PBXNativeTarget;
			buildConfigurationList = 4BEB9DC42BFC3EDA003154C9 /* Build configuration list for PBXNativeTarget "ChatApp" */;
			buildPhases = (
				4BEB9DB22BFC3ED8003154C9 /* Sources */,
				4BEB9DB32BFC3ED8003154C9 /* Frameworks */,
				4BEB9DB42BFC3ED8003154C9 /* Resources */,
			);
			buildRules = (
			);
			dependencies = (
			);
			name = ChatApp;
			packageProductDependencies = (
				4BEB9DD42BFC5FA9003154C9 /* FirebaseAuth */,
				4BEB9DD62BFC5FA9003154C9 /* FirebaseStorage */,
			);
			productName = ChatApp;
			productReference = 4BEB9DB62BFC3ED9003154C9 /* ChatApp.app */;
			productType = "com.apple.product-type.application";
		};
/* End PBXNativeTarget section */

/* Begin PBXProject section */
		4BEB9DAE2BFC3ED8003154C9 /* Project object */ = {
			isa = PBXProject;
			attributes = {
				BuildIndependentTargetsInParallel = 1;
				LastSwiftUpdateCheck = 1400;
				LastUpgradeCheck = 1400;
				TargetAttributes = {
					4BEB9DB52BFC3ED8003154C9 = {
						CreatedOnToolsVersion = 14.0;
					};
				};
			};
			buildConfigurationList = 4BEB9DB12BFC3ED8003154C9 /* Build configuration list for PBXProject "ChatApp" */;
			compatibilityVersion = "Xcode 14.0";
			developmentRegion = en;
			hasScannedForEncodings = 0;
			knownRegions = (
				en,
				Base,
			);
			mainGroup = 4BEB9DAD2BFC3ED8003154C9;
			packageReferences = (
				4BEB9DD32BFC5FA9003154C9 /* XCRemoteSwiftPackageReference "firebase-ios-sdk" */,
			);
			productRefGroup = 4BEB9DB72BFC3ED9003154C9 /* Products */;
			projectDirPath = "";
			projectRoot = "";
			targets = (
				4BEB9DB52BFC3ED8003154C9 /* ChatApp */,
			);
		};
/* End PBXProject section */

/* Begin PBXResourcesBuildPhase section */
		4BEB9DB42BFC3ED8003154C9 /* Resources */ = {
			isa = PBXResourcesBuildPhase;
			buildActionMask = 2147483647;
			files = (
				4BEB9DC12BFC3EDA003154C9 /* Preview Assets.xcassets in Resources */,
				4BEB9DBE2BFC3EDA003154C9 /* Assets.xcassets in Resources */,
				4BEB9DD92BFC6015003154C9 /* GoogleService-Info.plist in Resources */,
			);
			runOnlyForDeploymentPostprocessing = 0;
		};
/* End PBXResourcesBuildPhase section */

/* Begin PBXSourcesBuildPhase section */
		4BEB9DB22BFC3ED8003154C9 /* Sources */ = {
			isa = PBXSourcesBuildPhase;
			buildActionMask = 2147483647;
			files = (
				4BEB9DDB2BFC62F3003154C9 /* FirebaseAuth.swift in Sources */,
				4BEB9DD22BFC5CFE003154C9 /* AuthViewModel.swift in Sources */,
				4BEB9DC82BFC413A003154C9 /* LoginView.swift in Sources */,
				4BEB9DBC2BFC3ED9003154C9 /* AuthView.swift in Sources */,
				4BEB9DCA2BFC414C003154C9 /* CreateAccountView.swift in Sources */,
				4BEB9DBA2BFC3ED9003154C9 /* ChatAppApp.swift in Sources */,
			);
			runOnlyForDeploymentPostprocessing = 0;
		};
/* End PBXSourcesBuildPhase section */

/* Begin XCBuildConfiguration section */
		4BEB9DC22BFC3EDA003154C9 /* Debug */ = {
			isa = XCBuildConfiguration;
			buildSettings = {
				ALWAYS_SEARCH_USER_PATHS = NO;
				CLANG_ANALYZER_NONNULL = YES;
				CLANG_ANALYZER_NUMBER_OBJECT_CONVERSION = YES_AGGRESSIVE;
				CLANG_CXX_LANGUAGE_STANDARD = "gnu++20";
				CLANG_ENABLE_MODULES = YES;
				CLANG_ENABLE_OBJC_ARC = YES;
				CLANG_ENABLE_OBJC_WEAK = YES;
				CLANG_WARN_BLOCK_CAPTURE_AUTORELEASING = YES;
				CLANG_WARN_BOOL_CONVERSION = YES;
				CLANG_WARN_COMMA = YES;
				CLANG_WARN_CONSTANT_CONVERSION = YES;
				CLANG_WARN_DEPRECATED_OBJC_IMPLEMENTATIONS = YES;
				CLANG_WARN_DIRECT_OBJC_ISA_USAGE = YES_ERROR;
				CLANG_WARN_DOCUMENTATION_COMMENTS = YES;
				CLANG_WARN_EMPTY_BODY = YES;
				CLANG_WARN_ENUM_CONVERSION = YES;
				CLANG_WARN_INFINITE_RECURSION = YES;
				CLANG_WARN_INT_CONVERSION = YES;
				CLANG_WARN_NON_LITERAL_NULL_CONVERSION = YES;
				CLANG_WARN_OBJC_IMPLICIT_RETAIN_SELF = YES;
				CLANG_WARN_OBJC_LITERAL_CONVERSION = YES;
				CLANG_WARN_OBJC_ROOT_CLASS = YES_ERROR;
				CLANG_WARN_QUOTED_INCLUDE_IN_FRAMEWORK_HEADER = YES;
				CLANG_WARN_RANGE_LOOP_ANALYSIS = YES;
				CLANG_WARN_STRICT_PROTOTYPES = YES;
				CLANG_WARN_SUSPICIOUS_MOVE = YES;
				CLANG_WARN_UNGUARDED_AVAILABILITY = YES_AGGRESSIVE;
				CLANG_WARN_UNREACHABLE_CODE = YES;
				CLANG_WARN__DUPLICATE_METHOD_MATCH = YES;
				COPY_PHASE_STRIP = NO;
				DEBUG_INFORMATION_FORMAT = dwarf;
				ENABLE_STRICT_OBJC_MSGSEND = YES;
				ENABLE_TESTABILITY = YES;
				GCC_C_LANGUAGE_STANDARD = gnu11;
				GCC_DYNAMIC_NO_PIC = NO;
				GCC_NO_COMMON_BLOCKS = YES;
				GCC_OPTIMIZATION_LEVEL = 0;
				GCC_PREPROCESSOR_DEFINITIONS = (
					"DEBUG=1",
					"$(inherited)",
				);
				GCC_WARN_64_TO_32_BIT_CONVERSION = YES;
				GCC_WARN_ABOUT_RETURN_TYPE = YES_ERROR;
				GCC_WARN_UNDECLARED_SELECTOR = YES;
				GCC_WARN_UNINITIALIZED_AUTOS = YES_AGGRESSIVE;
				GCC_WARN_UNUSED_FUNCTION = YES;
				GCC_WARN_UNUSED_VARIABLE = YES;
				IPHONEOS_DEPLOYMENT_TARGET = 16.0;
				MTL_ENABLE_DEBUG_INFO = INCLUDE_SOURCE;
				MTL_FAST_MATH = YES;
				ONLY_ACTIVE_ARCH = YES;
				SDKROOT = iphoneos;
				SWIFT_ACTIVE_COMPILATION_CONDITIONS = DEBUG;
				SWIFT_OPTIMIZATION_LEVEL = "-Onone";
			};
			name = Debug;
		};
		4BEB9DC32BFC3EDA003154C9 /* Release */ = {
			isa = XCBuildConfiguration;
			buildSettings = {
				ALWAYS_SEARCH_USER_PATHS = NO;
				CLANG_ANALYZER_NONNULL = YES;
				CLANG_ANALYZER_NUMBER_OBJECT_CONVERSION = YES_AGGRESSIVE;
				CLANG_CXX_LANGUAGE_STANDARD = "gnu++20";
				CLANG_ENABLE_MODULES = YES;
				CLANG_ENABLE_OBJC_ARC = YES;
				CLANG_ENABLE_OBJC_WEAK = YES;
				CLANG_WARN_BLOCK_CAPTURE_AUTORELEASING = YES;
				CLANG_WARN_BOOL_CONVERSION = YES;
				CLANG_WARN_COMMA = YES;
				CLANG_WARN_CONSTANT_CONVERSION = YES;
				CLANG_WARN_DEPRECATED_OBJC_IMPLEMENTATIONS = YES;
				CLANG_WARN_DIRECT_OBJC_ISA_USAGE = YES_ERROR;
				CLANG_WARN_DOCUMENTATION_COMMENTS = YES;
				CLANG_WARN_EMPTY_BODY = YES;
				CLANG_WARN_ENUM_CONVERSION = YES;
				CLANG_WARN_INFINITE_RECURSION = YES;
				CLANG_WARN_INT_CONVERSION = YES;
				CLANG_WARN_NON_LITERAL_NULL_CONVERSION = YES;
				CLANG_WARN_OBJC_IMPLICIT_RETAIN_SELF = YES;
				CLANG_WARN_OBJC_LITERAL_CONVERSION = YES;
				CLANG_WARN_OBJC_ROOT_CLASS = YES_ERROR;
				CLANG_WARN_QUOTED_INCLUDE_IN_FRAMEWORK_HEADER = YES;
				CLANG_WARN_RANGE_LOOP_ANALYSIS = YES;
				CLANG_WARN_STRICT_PROTOTYPES = YES;
				CLANG_WARN_SUSPICIOUS_MOVE = YES;
				CLANG_WARN_UNGUARDED_AVAILABILITY = YES_AGGRESSIVE;
				CLANG_WARN_UNREACHABLE_CODE = YES;
				CLANG_WARN__DUPLICATE_METHOD_MATCH = YES;
				COPY_PHASE_STRIP = NO;
				DEBUG_INFORMATION_FORMAT = "dwarf-with-dsym";
				ENABLE_NS_ASSERTIONS = NO;
				ENABLE_STRICT_OBJC_MSGSEND = YES;
				GCC_C_LANGUAGE_STANDARD = gnu11;
				GCC_NO_COMMON_BLOCKS = YES;
				GCC_WARN_64_TO_32_BIT_CONVERSION = YES;
				GCC_WARN_ABOUT_RETURN_TYPE = YES_ERROR;
				GCC_WARN_UNDECLARED_SELECTOR = YES;
				GCC_WARN_UNINITIALIZED_AUTOS = YES_AGGRESSIVE;
				GCC_WARN_UNUSED_FUNCTION = YES;
				GCC_WARN_UNUSED_VARIABLE = YES;
				IPHONEOS_DEPLOYMENT_TARGET = 16.0;
				MTL_ENABLE_DEBUG_INFO = NO;
				MTL_FAST_MATH = YES;
				SDKROOT = iphoneos;
				SWIFT_COMPILATION_MODE = wholemodule;
				SWIFT_OPTIMIZATION_LEVEL = "-O";
				VALIDATE_PRODUCT = YES;
			};
			name = Release;
		};
		4BEB9DC52BFC3EDA003154C9 /* Debug */ = {
			isa = XCBuildConfiguration;
			buildSettings = {
				ASSETCATALOG_COMPILER_APPICON_NAME = AppIcon;
				ASSETCATALOG_COMPILER_GLOBAL_ACCENT_COLOR_NAME = AccentColor;
				CODE_SIGN_STYLE = Automatic;
				CURRENT_PROJECT_VERSION = 1;
				DEVELOPMENT_ASSET_PATHS = "\"ChatApp/Preview Content\"";
				DEVELOPMENT_TEAM = XKVWQB6CWU;
				ENABLE_PREVIEWS = YES;
				GENERATE_INFOPLIST_FILE = YES;
				INFOPLIST_KEY_UIApplicationSceneManifest_Generation = YES;
				INFOPLIST_KEY_UIApplicationSupportsIndirectInputEvents = YES;
				INFOPLIST_KEY_UILaunchScreen_Generation = YES;
				INFOPLIST_KEY_UISupportedInterfaceOrientations_iPad = "UIInterfaceOrientationPortrait UIInterfaceOrientationPortraitUpsideDown UIInterfaceOrientationLandscapeLeft UIInterfaceOrientationLandscapeRight";
				INFOPLIST_KEY_UISupportedInterfaceOrientations_iPhone = "UIInterfaceOrientationPortrait UIInterfaceOrientationLandscapeLeft UIInterfaceOrientationLandscapeRight";
				LD_RUNPATH_SEARCH_PATHS = (
					"$(inherited)",
					"@executable_path/Frameworks",
				);
				MARKETING_VERSION = 1.0;
				PRODUCT_BUNDLE_IDENTIFIER = com.ismayilismayilov.ChatApp;
				PRODUCT_NAME = "$(TARGET_NAME)";
				SWIFT_EMIT_LOC_STRINGS = YES;
				SWIFT_VERSION = 5.0;
				TARGETED_DEVICE_FAMILY = "1,2";
			};
			name = Debug;
		};
		4BEB9DC62BFC3EDA003154C9 /* Release */ = {
			isa = XCBuildConfiguration;
			buildSettings = {
				ASSETCATALOG_COMPILER_APPICON_NAME = AppIcon;
				ASSETCATALOG_COMPILER_GLOBAL_ACCENT_COLOR_NAME = AccentColor;
				CODE_SIGN_STYLE = Automatic;
				CURRENT_PROJECT_VERSION = 1;
				DEVELOPMENT_ASSET_PATHS = "\"ChatApp/Preview Content\"";
				DEVELOPMENT_TEAM = XKVWQB6CWU;
				ENABLE_PREVIEWS = YES;
				GENERATE_INFOPLIST_FILE = YES;
				INFOPLIST_KEY_UIApplicationSceneManifest_Generation = YES;
				INFOPLIST_KEY_UIApplicationSupportsIndirectInputEvents = YES;
				INFOPLIST_KEY_UILaunchScreen_Generation = YES;
				INFOPLIST_KEY_UISupportedInterfaceOrientations_iPad = "UIInterfaceOrientationPortrait UIInterfaceOrientationPortraitUpsideDown UIInterfaceOrientationLandscapeLeft UIInterfaceOrientationLandscapeRight";
				INFOPLIST_KEY_UISupportedInterfaceOrientations_iPhone = "UIInterfaceOrientationPortrait UIInterfaceOrientationLandscapeLeft UIInterfaceOrientationLandscapeRight";
				LD_RUNPATH_SEARCH_PATHS = (
					"$(inherited)",
					"@executable_path/Frameworks",
				);
				MARKETING_VERSION = 1.0;
				PRODUCT_BUNDLE_IDENTIFIER = com.ismayilismayilov.ChatApp;
				PRODUCT_NAME = "$(TARGET_NAME)";
				SWIFT_EMIT_LOC_STRINGS = YES;
				SWIFT_VERSION = 5.0;
				TARGETED_DEVICE_FAMILY = "1,2";
			};
			name = Release;
		};
/* End XCBuildConfiguration section */

/* Begin XCConfigurationList section */
		4BEB9DB12BFC3ED8003154C9 /* Build configuration list for PBXProject "ChatApp" */ = {
			isa = XCConfigurationList;
			buildConfigurations = (
				4BEB9DC22BFC3EDA003154C9 /* Debug */,
				4BEB9DC32BFC3EDA003154C9 /* Release */,
			);
			defaultConfigurationIsVisible = 0;
			defaultConfigurationName = Release;
		};
		4BEB9DC42BFC3EDA003154C9 /* Build configuration list for PBXNativeTarget "ChatApp" */ = {
			isa = XCConfigurationList;
			buildConfigurations = (
				4BEB9DC52BFC3EDA003154C9 /* Debug */,
				4BEB9DC62BFC3EDA003154C9 /* Release */,
			);
			defaultConfigurationIsVisible = 0;
			defaultConfigurationName = Release;
		};
/* End XCConfigurationList section */

/* Begin XCRemoteSwiftPackageReference section */
		4BEB9DD32BFC5FA9003154C9 /* XCRemoteSwiftPackageReference "firebase-ios-sdk" */ = {
			isa = XCRemoteSwiftPackageReference;
			repositoryURL = "https://github.com/firebase/firebase-ios-sdk";
			requirement = {
				kind = upToNextMajorVersion;
				minimumVersion = 9.0.0;
			};
		};
/* End XCRemoteSwiftPackageReference section */

/* Begin XCSwiftPackageProductDependency section */
		4BEB9DD42BFC5FA9003154C9 /* FirebaseAuth */ = {
			isa = XCSwiftPackageProductDependency;
			package = 4BEB9DD32BFC5FA9003154C9 /* XCRemoteSwiftPackageReference "firebase-ios-sdk" */;
			productName = FirebaseAuth;
		};
		4BEB9DD62BFC5FA9003154C9 /* FirebaseStorage */ = {
			isa = XCSwiftPackageProductDependency;
			package = 4BEB9DD32BFC5FA9003154C9 /* XCRemoteSwiftPackageReference "firebase-ios-sdk" */;
			productName = FirebaseStorage;
		};
/* End XCSwiftPackageProductDependency section */
	};
	rootObject = 4BEB9DAE2BFC3ED8003154C9 /* Project object */;
}
